
Microsoft Visual Studio Solution File, Format Version 12.00
# Visual Studio Version 16
VisualStudioVersion = 16.0.30517.126
MinimumVisualStudioVersion = 10.0.40219.1
Project("{8BC9CEB8-8B4A-11D0-8D11-00A0C91BC942}") = "cpplua", "cpplua\cpplua.vcxproj", "{03476BC7-7B29-4782-97A5-9C0C9F15A959}"
EndProject
Project("{8BC9CEB8-8B4A-11D0-8D11-00A0C91BC942}") = "luacpp", "luacpp\luacpp.vcxproj", "{E6E3191C-60BA-4C11-8067-30ACEFE7F26A}"
EndProject
Global
	GlobalSection(SolutionConfigurationPlatforms) = preSolution
		Debug|x64 = Debug|x64
		Debug|x86 = Debug|x86
		Release|x64 = Release|x64
		Release|x86 = Release|x86
	EndGlobalSection
	GlobalSection(ProjectConfigurationPlatforms) = postSolution
		{03476BC7-7B29-4782-97A5-9C0C9F15A959}.Debug|x64.ActiveCfg = Debug|x64
		{03476BC7-7B29-4782-97A5-9C0C9F15A959}.Debug|x64.Build.0 = Debug|x64
		{03476BC7-7B29-4782-97A5-9C0C9F15A959}.Debug|x86.ActiveCfg = Debug|Win32
		{03476BC7-7B29-4782-97A5-9C0C9F15A959}.Debug|x86.Build.0 = Debug|Win32
		{03476BC7-7B29-4782-97A5-9C0C9F15A959}.Release|x64.ActiveCfg = Release|x64
		{03476BC7-7B29-4782-97A5-9C0C9F15A959}.Release|x64.Build.0 = Release|x64
		{03476BC7-7B29-4782-97A5-9C0C9F15A959}.Release|x86.ActiveCfg = Release|Win32
		{03476BC7-7B29-4782-97A5-9C0C9F15A959}.Release|x86.Build.0 = Release|Win32
		{E6E3191C-60BA-4C11-8067-30ACEFE7F26A}.Debug|x64.ActiveCfg = Debug|x64
		{E6E3191C-60BA-4C11-8067-30ACEFE7F26A}.Debug|x64.Build.0 = Debug|x64
		{E6E3191C-60BA-4C11-8067-30ACEFE7F26A}.Debug|x86.ActiveCfg = Debug|Win32
		{E6E3191C-60BA-4C11-8067-30ACEFE7F26A}.Debug|x86.Build.0 = Debug|Win32
		{E6E3191C-60BA-4C11-8067-30ACEFE7F26A}.Release|x64.ActiveCfg = Release|x64
		{E6E3191C-60BA-4C11-8067-30ACEFE7F26A}.Release|x64.Build.0 = Release|x64
		{E6E3191C-60BA-4C11-8067-30ACEFE7F26A}.Release|x86.ActiveCfg = Release|Win32
		{E6E3191C-60BA-4C11-8067-30ACEFE7F26A}.Release|x86.Build.0 = Release|Win32
	EndGlobalSection
	GlobalSection(SolutionProperties) = preSolution
		HideSolutionNode = FALSE
	EndGlobalSection
	GlobalSection(ExtensibilityGlobals) = postSolution
		SolutionGuid = {63BD10D0-0B3D-460D-9BB2-50E1231D5B14}
	EndGlobalSection
EndGlobal
